
Microsoft Visual Studio Solution File, Format Version 12.00
# Visual Studio Version 17
VisualStudioVersion = 17.2.32519.379
MinimumVisualStudioVersion = 10.0.40219.1
Project("{9A19103F-16F7-4668-BE54-9A1E7A4F7556}") = "OpenTelemetry.Instrumentation.AspNet", "src\OpenTelemetry.Instrumentation.AspNet\OpenTelemetry.Instrumentation.AspNet.csproj", "{DDEBA40D-81C5-4DB6-A8C9-C96C09CBE72E}"
EndProject
Project("{9A19103F-16F7-4668-BE54-9A1E7A4F7556}") = "OpenTelemetry.Instrumentation.AspNet.TelemetryHttpModule", "src\OpenTelemetry.Instrumentation.AspNet.TelemetryHttpModule\OpenTelemetry.Instrumentation.AspNet.TelemetryHttpModule.csproj", "{AF655FDA-3CEC-41D5-9149-736D2F3A8CB6}"
EndProject
Project("{9A19103F-16F7-4668-BE54-9A1E7A4F7556}") = "OpenTelemetry.Contrib.Shared", "src\OpenTelemetry.Contrib.Shared\OpenTelemetry.Contrib.Shared.csproj", "{E5DBF576-D90B-44A8-915B-A5E805CC0D5D}"
EndProject
Global
	GlobalSection(SolutionConfigurationPlatforms) = preSolution
		Debug|Any CPU = Debug|Any CPU
		Release|Any CPU = Release|Any CPU
	EndGlobalSection
	GlobalSection(ProjectConfigurationPlatforms) = postSolution
		{DDEBA40D-81C5-4DB6-A8C9-C96C09CBE72E}.Debug|Any CPU.ActiveCfg = Debug|Any CPU
		{DDEBA40D-81C5-4DB6-A8C9-C96C09CBE72E}.Debug|Any CPU.Build.0 = Debug|Any CPU
		{DDEBA40D-81C5-4DB6-A8C9-C96C09CBE72E}.Release|Any CPU.ActiveCfg = Release|Any CPU
		{DDEBA40D-81C5-4DB6-A8C9-C96C09CBE72E}.Release|Any CPU.Build.0 = Release|Any CPU
		{AF655FDA-3CEC-41D5-9149-736D2F3A8CB6}.Debug|Any CPU.ActiveCfg = Debug|Any CPU
		{AF655FDA-3CEC-41D5-9149-736D2F3A8CB6}.Debug|Any CPU.Build.0 = Debug|Any CPU
		{AF655FDA-3CEC-41D5-9149-736D2F3A8CB6}.Release|Any CPU.ActiveCfg = Release|Any CPU
		{AF655FDA-3CEC-41D5-9149-736D2F3A8CB6}.Release|Any CPU.Build.0 = Release|Any CPU
		{E5DBF576-D90B-44A8-915B-A5E805CC0D5D}.Debug|Any CPU.ActiveCfg = Debug|Any CPU
		{E5DBF576-D90B-44A8-915B-A5E805CC0D5D}.Debug|Any CPU.Build.0 = Debug|Any CPU
		{E5DBF576-D90B-44A8-915B-A5E805CC0D5D}.Release|Any CPU.ActiveCfg = Release|Any CPU
		{E5DBF576-D90B-44A8-915B-A5E805CC0D5D}.Release|Any CPU.Build.0 = Release|Any CPU
	EndGlobalSection
	GlobalSection(SolutionProperties) = preSolution
		HideSolutionNode = FALSE
	EndGlobalSection
	GlobalSection(ExtensibilityGlobals) = postSolution
		SolutionGuid = {93205DB4-DC5C-40EA-B04C-AA12CABFE561}
	EndGlobalSection
EndGlobal
